<Solution>
  <Folder Name="/src/">
    <Project Path="src/Api/Api.csproj" />
    <Project Path="src/EdgeGateway/EdgeGateway.csproj" />
    <Project Path="src/IngestionWorker/IngestionWorker.csproj" />
    <Project Path="src/Shared/Shared.csproj" />
    <Project Path="src/Simulator/Simulator.csproj" />
  </Folder>
</Solution>
